{
  "name": "Dannjs-San-Francisco",
  "version": "1.0.0",
  "lockfileVersion": 2,
  "requires": true,
  "packages": {
    "": {
      "version": "1.0.0",
      "license": "ISC",
      "dependencies": {
        "dannjs": "^2.2.10"
      }
    },
    "node_modules/dannjs": {
      "version": "2.2.10",
      "resolved": "https://registry.npmjs.org/dannjs/-/dannjs-2.2.10.tgz",
      "integrity": "sha512-bYX1bEdQklFofBaAlLzwTrZkBWTMwkRTIgj9XLpmvDZgTMU7XTN63jk6DyoXdoA/dFtTUA3tIz/fdJZX0aOE0g=="
    }
  },
  "dependencies": {
    "dannjs": {
      "version": "2.2.10",
      "resolved": "https://registry.npmjs.org/dannjs/-/dannjs-2.2.10.tgz",
      "integrity": "sha512-bYX1bEdQklFofBaAlLzwTrZkBWTMwkRTIgj9XLpmvDZgTMU7XTN63jk6DyoXdoA/dFtTUA3tIz/fdJZX0aOE0g=="
    }
  }
}
